
Microsoft Visual Studio Solution File, Format Version 12.00
# Visual Studio Version 16
VisualStudioVersion = 16.0.32802.440
MinimumVisualStudioVersion = 10.0.40219.1
Project("{FAE04EC0-301F-11D3-BF4B-00C04F79EFBC}") = "HexOperation", "HexOperation\HexOperation.csproj", "{8E6A83F6-4B33-010E-0183-5D163F02B9DA}"
EndProject
Global
	GlobalSection(SolutionConfigurationPlatforms) = preSolution
		Debug|Any CPU = Debug|Any CPU
		Release|Any CPU = Release|Any CPU
	EndGlobalSection
	GlobalSection(ProjectConfigurationPlatforms) = postSolution
		{8E6A83F6-4B33-010E-0183-5D163F02B9DA}.Debug|Any CPU.ActiveCfg = Debug|Any CPU
		{8E6A83F6-4B33-010E-0183-5D163F02B9DA}.Debug|Any CPU.Build.0 = Debug|Any CPU
		{8E6A83F6-4B33-010E-0183-5D163F02B9DA}.Release|Any CPU.ActiveCfg = Release|Any CPU
		{8E6A83F6-4B33-010E-0183-5D163F02B9DA}.Release|Any CPU.Build.0 = Release|Any CPU
	EndGlobalSection
	GlobalSection(SolutionProperties) = preSolution
		HideSolutionNode = FALSE
	EndGlobalSection
	GlobalSection(ExtensibilityGlobals) = postSolution
		SolutionGuid = {CEB0A531-B63F-47AC-9452-B12D28A75A27}
	EndGlobalSection
EndGlobal
